{
  "object": {
    "pins": [
      {
        "package": "LattisSDK",
        "repositoryURL": "https://github.com/velolabs/lattis_sdk_ios_public.git",
        "state": {
          "branch": "spm",
          "revision": "ccb817d7bcac815a82bd5f8d8c45ea9bcc6fab02",
          "version": null
        }
      }
    ]
  },
  "version": 1
}
