{
  "object": {
    "pins": [
      {
        "package": "LattisSDK",
        "repositoryURL": "https://github.com/velolabs/lattis_sdk_ios_public.git",
        "state": {
          "branch": "spm",
          "revision": "db345a6726795d53bd145c7a6375a622c46c3b91",
          "version": null
        }
      }
    ]
  },
  "version": 1
}
