PODS:
  - GradientCircularProgress (3.13.0)

DEPENDENCIES:
  - GradientCircularProgress (from `https://github.com/keygx/GradientCircularProgress`)

EXTERNAL SOURCES:
  GradientCircularProgress:
    :git: https://github.com/keygx/GradientCircularProgress

CHECKOUT OPTIONS:
  GradientCircularProgress:
    :commit: 9e2dc60d335ee6eb3677bfd9f965f0ade3607f4c
    :git: https://github.com/keygx/GradientCircularProgress

SPEC CHECKSUMS:
  GradientCircularProgress: f5a04b862adc1fbafbd21c0ff450ed7d74d1926e

PODFILE CHECKSUM: c43b11a4c9c1de1a0af19acbf34279901b23a49f

COCOAPODS: 1.10.0
