PODS:
  - GradientCircularProgress (3.13.0)
  - KeychainSwift (19.0.0)
  - LattisSDK (2.2.3)

DEPENDENCIES:
  - GradientCircularProgress (from `https://github.com/keygx/GradientCircularProgress`)
  - KeychainSwift
  - LattisSDK (from `../`)

SPEC REPOS:
  trunk:
    - KeychainSwift

EXTERNAL SOURCES:
  GradientCircularProgress:
    :git: https://github.com/keygx/GradientCircularProgress
  LattisSDK:
    :path: "../"

CHECKOUT OPTIONS:
  GradientCircularProgress:
    :commit: 9e2dc60d335ee6eb3677bfd9f965f0ade3607f4c
    :git: https://github.com/keygx/GradientCircularProgress

SPEC CHECKSUMS:
  GradientCircularProgress: f5a04b862adc1fbafbd21c0ff450ed7d74d1926e
  KeychainSwift: a06190cf933ad46b1e0abc3d77d29c06331715c7
  LattisSDK: 99c0e7f3094825e4df45b0a65096acf4f4757d56

PODFILE CHECKSUM: cdb56d711186ff8a06d66348a42c818a014a7c51

COCOAPODS: 1.8.4
