// !$*UTF8*$!
{
	archiveVersion = 1;
	classes = {
	};
	objectVersion = 48;
	objects = {

/* Begin PBXBuildFile section */
		57C9BAF2D725E8EB18BCB723 /* Pods_Lattis_Demo.framework in Frameworks */ = {isa = PBXBuildFile; fileRef = 7B2786DB7640658FDCA65458 /* Pods_Lattis_Demo.framework */; };
		F141D8A221493A56001B6126 /* RootViewController.swift in Sources */ = {isa = PBXBuildFile; fileRef = F141D89E21493A56001B6126 /* RootViewController.swift */; };
		F141D8A321493A56001B6126 /* PinViewController.swift in Sources */ = {isa = PBXBuildFile; fileRef = F141D89F21493A56001B6126 /* PinViewController.swift */; };
		F141D8A421493A56001B6126 /* EllipseTableCell.swift in Sources */ = {isa = PBXBuildFile; fileRef = F141D8A021493A56001B6126 /* EllipseTableCell.swift */; };
		F141D8A521493A56001B6126 /* EllipseViewController.swift in Sources */ = {isa = PBXBuildFile; fileRef = F141D8A121493A56001B6126 /* EllipseViewController.swift */; };
		F141D8A721493A60001B6126 /* Main.storyboard in Resources */ = {isa = PBXBuildFile; fileRef = F141D8A621493A60001B6126 /* Main.storyboard */; };
		F17AAA45202657010062A679 /* AppDelegate.swift in Sources */ = {isa = PBXBuildFile; fileRef = F17AAA44202657010062A679 /* AppDelegate.swift */; };
		F17AAA4C202657010062A679 /* Assets.xcassets in Resources */ = {isa = PBXBuildFile; fileRef = F17AAA4B202657010062A679 /* Assets.xcassets */; };
		F17AAA4F202657010062A679 /* LaunchScreen.storyboard in Resources */ = {isa = PBXBuildFile; fileRef = F17AAA4D202657010062A679 /* LaunchScreen.storyboard */; };
		F191FB67223A9050002A8AB7 /* README.md in Resources */ = {isa = PBXBuildFile; fileRef = F191FB66223A9050002A8AB7 /* README.md */; };
/* End PBXBuildFile section */

/* Begin PBXCopyFilesBuildPhase section */
		F17AAA5C202657390062A679 /* Embed Frameworks */ = {
			isa = PBXCopyFilesBuildPhase;
			buildActionMask = 2147483647;
			dstPath = "";
			dstSubfolderSpec = 10;
			files = (
			);
			name = "Embed Frameworks";
			runOnlyForDeploymentPostprocessing = 0;
		};
/* End PBXCopyFilesBuildPhase section */

/* Begin PBXFileReference section */
		2F2C1BBA6B6531122EB2B62B /* Pods-Lattis Demo.debug.xcconfig */ = {isa = PBXFileReference; includeInIndex = 1; lastKnownFileType = text.xcconfig; name = "Pods-Lattis Demo.debug.xcconfig"; path = "Pods/Target Support Files/Pods-Lattis Demo/Pods-Lattis Demo.debug.xcconfig"; sourceTree = "<group>"; };
		622D988A144CCCBF66E9BEA5 /* Pods-Lattis Demo.release.xcconfig */ = {isa = PBXFileReference; includeInIndex = 1; lastKnownFileType = text.xcconfig; name = "Pods-Lattis Demo.release.xcconfig"; path = "Pods/Target Support Files/Pods-Lattis Demo/Pods-Lattis Demo.release.xcconfig"; sourceTree = "<group>"; };
		7B2786DB7640658FDCA65458 /* Pods_Lattis_Demo.framework */ = {isa = PBXFileReference; explicitFileType = wrapper.framework; includeInIndex = 0; path = Pods_Lattis_Demo.framework; sourceTree = BUILT_PRODUCTS_DIR; };
		F141D89E21493A56001B6126 /* RootViewController.swift */ = {isa = PBXFileReference; fileEncoding = 4; lastKnownFileType = sourcecode.swift; path = RootViewController.swift; sourceTree = "<group>"; };
		F141D89F21493A56001B6126 /* PinViewController.swift */ = {isa = PBXFileReference; fileEncoding = 4; lastKnownFileType = sourcecode.swift; path = PinViewController.swift; sourceTree = "<group>"; };
		F141D8A021493A56001B6126 /* EllipseTableCell.swift */ = {isa = PBXFileReference; fileEncoding = 4; lastKnownFileType = sourcecode.swift; path = EllipseTableCell.swift; sourceTree = "<group>"; };
		F141D8A121493A56001B6126 /* EllipseViewController.swift */ = {isa = PBXFileReference; fileEncoding = 4; lastKnownFileType = sourcecode.swift; path = EllipseViewController.swift; sourceTree = "<group>"; };
		F141D8A621493A60001B6126 /* Main.storyboard */ = {isa = PBXFileReference; fileEncoding = 4; lastKnownFileType = file.storyboard; path = Main.storyboard; sourceTree = "<group>"; };
		F17AAA41202657010062A679 /* Lattis Demo.app */ = {isa = PBXFileReference; explicitFileType = wrapper.application; includeInIndex = 0; path = "Lattis Demo.app"; sourceTree = BUILT_PRODUCTS_DIR; };
		F17AAA44202657010062A679 /* AppDelegate.swift */ = {isa = PBXFileReference; lastKnownFileType = sourcecode.swift; path = AppDelegate.swift; sourceTree = "<group>"; };
		F17AAA4B202657010062A679 /* Assets.xcassets */ = {isa = PBXFileReference; lastKnownFileType = folder.assetcatalog; path = Assets.xcassets; sourceTree = "<group>"; };
		F17AAA4E202657010062A679 /* Base */ = {isa = PBXFileReference; lastKnownFileType = file.storyboard; name = Base; path = Base.lproj/LaunchScreen.storyboard; sourceTree = "<group>"; };
		F17AAA50202657010062A679 /* Info.plist */ = {isa = PBXFileReference; lastKnownFileType = text.plist.xml; path = Info.plist; sourceTree = "<group>"; };
		F191FB66223A9050002A8AB7 /* README.md */ = {isa = PBXFileReference; fileEncoding = 4; lastKnownFileType = net.daringfireball.markdown; name = README.md; path = ../README.md; sourceTree = "<group>"; };
		F1E807C7212D96AE0031F06A /* LattisSDK.podspec */ = {isa = PBXFileReference; explicitFileType = text.script.ruby; name = LattisSDK.podspec; path = ../LattisSDK.podspec; sourceTree = "<group>"; xcLanguageSpecificationIdentifier = xcode.lang.ruby; };
/* End PBXFileReference section */

/* Begin PBXFrameworksBuildPhase section */
		F17AAA3E202657010062A679 /* Frameworks */ = {
			isa = PBXFrameworksBuildPhase;
			buildActionMask = 2147483647;
			files = (
				57C9BAF2D725E8EB18BCB723 /* Pods_Lattis_Demo.framework in Frameworks */,
			);
			runOnlyForDeploymentPostprocessing = 0;
		};
/* End PBXFrameworksBuildPhase section */

/* Begin PBXGroup section */
		3CD0D800CF088C544F473BCD /* Frameworks */ = {
			isa = PBXGroup;
			children = (
				7B2786DB7640658FDCA65458 /* Pods_Lattis_Demo.framework */,
			);
			name = Frameworks;
			sourceTree = "<group>";
		};
		B029067A2429CB0B1D52A74C /* Pods */ = {
			isa = PBXGroup;
			children = (
				2F2C1BBA6B6531122EB2B62B /* Pods-Lattis Demo.debug.xcconfig */,
				622D988A144CCCBF66E9BEA5 /* Pods-Lattis Demo.release.xcconfig */,
			);
			name = Pods;
			sourceTree = "<group>";
		};
		F17AAA38202657010062A679 = {
			isa = PBXGroup;
			children = (
				F191FB66223A9050002A8AB7 /* README.md */,
				F1E807C7212D96AE0031F06A /* LattisSDK.podspec */,
				F17AAA43202657010062A679 /* Lattis Demo */,
				F17AAA42202657010062A679 /* Products */,
				B029067A2429CB0B1D52A74C /* Pods */,
				3CD0D800CF088C544F473BCD /* Frameworks */,
			);
			sourceTree = "<group>";
		};
		F17AAA42202657010062A679 /* Products */ = {
			isa = PBXGroup;
			children = (
				F17AAA41202657010062A679 /* Lattis Demo.app */,
			);
			name = Products;
			sourceTree = "<group>";
		};
		F17AAA43202657010062A679 /* Lattis Demo */ = {
			isa = PBXGroup;
			children = (
				F17AAA44202657010062A679 /* AppDelegate.swift */,
				F141D8A021493A56001B6126 /* EllipseTableCell.swift */,
				F141D8A121493A56001B6126 /* EllipseViewController.swift */,
				F141D89F21493A56001B6126 /* PinViewController.swift */,
				F141D89E21493A56001B6126 /* RootViewController.swift */,
				F141D8A621493A60001B6126 /* Main.storyboard */,
				F17AAA4B202657010062A679 /* Assets.xcassets */,
				F17AAA4D202657010062A679 /* LaunchScreen.storyboard */,
				F17AAA50202657010062A679 /* Info.plist */,
			);
			path = "Lattis Demo";
			sourceTree = "<group>";
		};
/* End PBXGroup section */

/* Begin PBXNativeTarget section */
		F17AAA40202657010062A679 /* Lattis Demo */ = {
			isa = PBXNativeTarget;
			buildConfigurationList = F17AAA53202657020062A679 /* Build configuration list for PBXNativeTarget "Lattis Demo" */;
			buildPhases = (
				FE3E545FCCC571BCE37B94DC /* [CP] Check Pods Manifest.lock */,
				F17AAA3D202657010062A679 /* Sources */,
				F17AAA3E202657010062A679 /* Frameworks */,
				F17AAA3F202657010062A679 /* Resources */,
				F17AAA5C202657390062A679 /* Embed Frameworks */,
				C4C31583966F110A7F1020DE /* [CP] Embed Pods Frameworks */,
			);
			buildRules = (
			);
			dependencies = (
			);
			name = "Lattis Demo";
			productName = "Lattis Demo";
			productReference = F17AAA41202657010062A679 /* Lattis Demo.app */;
			productType = "com.apple.product-type.application";
		};
/* End PBXNativeTarget section */

/* Begin PBXProject section */
		F17AAA39202657010062A679 /* Project object */ = {
			isa = PBXProject;
			attributes = {
				LastSwiftUpdateCheck = 0920;
				LastUpgradeCheck = 0940;
				ORGANIZATIONNAME = "Lattis Inc.";
				TargetAttributes = {
					F17AAA40202657010062A679 = {
						CreatedOnToolsVersion = 9.2;
						LastSwiftMigration = 1020;
						ProvisioningStyle = Automatic;
						SystemCapabilities = {
							com.apple.BackgroundModes = {
								enabled = 1;
							};
						};
					};
				};
			};
			buildConfigurationList = F17AAA3C202657010062A679 /* Build configuration list for PBXProject "Lattis Demo" */;
			compatibilityVersion = "Xcode 8.0";
			developmentRegion = en;
			hasScannedForEncodings = 0;
			knownRegions = (
				en,
				Base,
			);
			mainGroup = F17AAA38202657010062A679;
			productRefGroup = F17AAA42202657010062A679 /* Products */;
			projectDirPath = "";
			projectRoot = "";
			targets = (
				F17AAA40202657010062A679 /* Lattis Demo */,
			);
		};
/* End PBXProject section */

/* Begin PBXResourcesBuildPhase section */
		F17AAA3F202657010062A679 /* Resources */ = {
			isa = PBXResourcesBuildPhase;
			buildActionMask = 2147483647;
			files = (
				F141D8A721493A60001B6126 /* Main.storyboard in Resources */,
				F17AAA4F202657010062A679 /* LaunchScreen.storyboard in Resources */,
				F191FB67223A9050002A8AB7 /* README.md in Resources */,
				F17AAA4C202657010062A679 /* Assets.xcassets in Resources */,
			);
			runOnlyForDeploymentPostprocessing = 0;
		};
/* End PBXResourcesBuildPhase section */

/* Begin PBXShellScriptBuildPhase section */
		C4C31583966F110A7F1020DE /* [CP] Embed Pods Frameworks */ = {
			isa = PBXShellScriptBuildPhase;
			buildActionMask = 2147483647;
			files = (
			);
			inputPaths = (
				"${PODS_ROOT}/Target Support Files/Pods-Lattis Demo/Pods-Lattis Demo-frameworks.sh",
				"${BUILT_PRODUCTS_DIR}/GradientCircularProgress/GradientCircularProgress.framework",
				"${BUILT_PRODUCTS_DIR}/KeychainSwift/KeychainSwift.framework",
				"${PODS_ROOT}/../../LattisSDK.framework",
				"${PODS_ROOT}/../../Oval.framework",
			);
			name = "[CP] Embed Pods Frameworks";
			outputPaths = (
				"${TARGET_BUILD_DIR}/${FRAMEWORKS_FOLDER_PATH}/GradientCircularProgress.framework",
				"${TARGET_BUILD_DIR}/${FRAMEWORKS_FOLDER_PATH}/KeychainSwift.framework",
				"${TARGET_BUILD_DIR}/${FRAMEWORKS_FOLDER_PATH}/LattisSDK.framework",
				"${TARGET_BUILD_DIR}/${FRAMEWORKS_FOLDER_PATH}/Oval.framework",
			);
			runOnlyForDeploymentPostprocessing = 0;
			shellPath = /bin/sh;
			shellScript = "\"${PODS_ROOT}/Target Support Files/Pods-Lattis Demo/Pods-Lattis Demo-frameworks.sh\"\n";
			showEnvVarsInLog = 0;
		};
		FE3E545FCCC571BCE37B94DC /* [CP] Check Pods Manifest.lock */ = {
			isa = PBXShellScriptBuildPhase;
			buildActionMask = 2147483647;
			files = (
			);
			inputPaths = (
				"${PODS_PODFILE_DIR_PATH}/Podfile.lock",
				"${PODS_ROOT}/Manifest.lock",
			);
			name = "[CP] Check Pods Manifest.lock";
			outputPaths = (
				"$(DERIVED_FILE_DIR)/Pods-Lattis Demo-checkManifestLockResult.txt",
			);
			runOnlyForDeploymentPostprocessing = 0;
			shellPath = /bin/sh;
			shellScript = "diff \"${PODS_PODFILE_DIR_PATH}/Podfile.lock\" \"${PODS_ROOT}/Manifest.lock\" > /dev/null\nif [ $? != 0 ] ; then\n    # print error to STDERR\n    echo \"error: The sandbox is not in sync with the Podfile.lock. Run 'pod install' or update your CocoaPods installation.\" >&2\n    exit 1\nfi\n# This output is used by Xcode 'outputs' to avoid re-running this script phase.\necho \"SUCCESS\" > \"${SCRIPT_OUTPUT_FILE_0}\"\n";
			showEnvVarsInLog = 0;
		};
/* End PBXShellScriptBuildPhase section */

/* Begin PBXSourcesBuildPhase section */
		F17AAA3D202657010062A679 /* Sources */ = {
			isa = PBXSourcesBuildPhase;
			buildActionMask = 2147483647;
			files = (
				F141D8A221493A56001B6126 /* RootViewController.swift in Sources */,
				F17AAA45202657010062A679 /* AppDelegate.swift in Sources */,
				F141D8A321493A56001B6126 /* PinViewController.swift in Sources */,
				F141D8A521493A56001B6126 /* EllipseViewController.swift in Sources */,
				F141D8A421493A56001B6126 /* EllipseTableCell.swift in Sources */,
			);
			runOnlyForDeploymentPostprocessing = 0;
		};
/* End PBXSourcesBuildPhase section */

/* Begin PBXVariantGroup section */
		F17AAA4D202657010062A679 /* LaunchScreen.storyboard */ = {
			isa = PBXVariantGroup;
			children = (
				F17AAA4E202657010062A679 /* Base */,
			);
			name = LaunchScreen.storyboard;
			sourceTree = "<group>";
		};
/* End PBXVariantGroup section */

/* Begin XCBuildConfiguration section */
		F17AAA51202657020062A679 /* Debug */ = {
			isa = XCBuildConfiguration;
			buildSettings = {
				ALWAYS_SEARCH_USER_PATHS = NO;
				CLANG_ANALYZER_NONNULL = YES;
				CLANG_ANALYZER_NUMBER_OBJECT_CONVERSION = YES_AGGRESSIVE;
				CLANG_CXX_LANGUAGE_STANDARD = "gnu++14";
				CLANG_CXX_LIBRARY = "libc++";
				CLANG_ENABLE_MODULES = YES;
				CLANG_ENABLE_OBJC_ARC = YES;
				CLANG_WARN_BLOCK_CAPTURE_AUTORELEASING = YES;
				CLANG_WARN_BOOL_CONVERSION = YES;
				CLANG_WARN_COMMA = YES;
				CLANG_WARN_CONSTANT_CONVERSION = YES;
				CLANG_WARN_DEPRECATED_OBJC_IMPLEMENTATIONS = YES;
				CLANG_WARN_DIRECT_OBJC_ISA_USAGE = YES_ERROR;
				CLANG_WARN_DOCUMENTATION_COMMENTS = YES;
				CLANG_WARN_EMPTY_BODY = YES;
				CLANG_WARN_ENUM_CONVERSION = YES;
				CLANG_WARN_INFINITE_RECURSION = YES;
				CLANG_WARN_INT_CONVERSION = YES;
				CLANG_WARN_NON_LITERAL_NULL_CONVERSION = YES;
				CLANG_WARN_OBJC_IMPLICIT_RETAIN_SELF = YES;
				CLANG_WARN_OBJC_LITERAL_CONVERSION = YES;
				CLANG_WARN_OBJC_ROOT_CLASS = YES_ERROR;
				CLANG_WARN_RANGE_LOOP_ANALYSIS = YES;
				CLANG_WARN_STRICT_PROTOTYPES = YES;
				CLANG_WARN_SUSPICIOUS_MOVE = YES;
				CLANG_WARN_UNGUARDED_AVAILABILITY = YES_AGGRESSIVE;
				CLANG_WARN_UNREACHABLE_CODE = YES;
				CLANG_WARN__DUPLICATE_METHOD_MATCH = YES;
				CODE_SIGN_IDENTITY = "iPhone Developer";
				COPY_PHASE_STRIP = NO;
				DEBUG_INFORMATION_FORMAT = dwarf;
				ENABLE_STRICT_OBJC_MSGSEND = YES;
				ENABLE_TESTABILITY = YES;
				GCC_C_LANGUAGE_STANDARD = gnu11;
				GCC_DYNAMIC_NO_PIC = NO;
				GCC_NO_COMMON_BLOCKS = YES;
				GCC_OPTIMIZATION_LEVEL = 0;
				GCC_PREPROCESSOR_DEFINITIONS = (
					"DEBUG=1",
					"$(inherited)",
				);
				GCC_WARN_64_TO_32_BIT_CONVERSION = YES;
				GCC_WARN_ABOUT_RETURN_TYPE = YES_ERROR;
				GCC_WARN_UNDECLARED_SELECTOR = YES;
				GCC_WARN_UNINITIALIZED_AUTOS = YES_AGGRESSIVE;
				GCC_WARN_UNUSED_FUNCTION = YES;
				GCC_WARN_UNUSED_VARIABLE = YES;
				IPHONEOS_DEPLOYMENT_TARGET = 11.2;
				MTL_ENABLE_DEBUG_INFO = YES;
				ONLY_ACTIVE_ARCH = YES;
				SDKROOT = iphoneos;
				SWIFT_ACTIVE_COMPILATION_CONDITIONS = DEBUG;
				SWIFT_OPTIMIZATION_LEVEL = "-Onone";
			};
			name = Debug;
		};
		F17AAA52202657020062A679 /* Release */ = {
			isa = XCBuildConfiguration;
			buildSettings = {
				ALWAYS_SEARCH_USER_PATHS = NO;
				CLANG_ANALYZER_NONNULL = YES;
				CLANG_ANALYZER_NUMBER_OBJECT_CONVERSION = YES_AGGRESSIVE;
				CLANG_CXX_LANGUAGE_STANDARD = "gnu++14";
				CLANG_CXX_LIBRARY = "libc++";
				CLANG_ENABLE_MODULES = YES;
				CLANG_ENABLE_OBJC_ARC = YES;
				CLANG_WARN_BLOCK_CAPTURE_AUTORELEASING = YES;
				CLANG_WARN_BOOL_CONVERSION = YES;
				CLANG_WARN_COMMA = YES;
				CLANG_WARN_CONSTANT_CONVERSION = YES;
				CLANG_WARN_DEPRECATED_OBJC_IMPLEMENTATIONS = YES;
				CLANG_WARN_DIRECT_OBJC_ISA_USAGE = YES_ERROR;
				CLANG_WARN_DOCUMENTATION_COMMENTS = YES;
				CLANG_WARN_EMPTY_BODY = YES;
				CLANG_WARN_ENUM_CONVERSION = YES;
				CLANG_WARN_INFINITE_RECURSION = YES;
				CLANG_WARN_INT_CONVERSION = YES;
				CLANG_WARN_NON_LITERAL_NULL_CONVERSION = YES;
				CLANG_WARN_OBJC_IMPLICIT_RETAIN_SELF = YES;
				CLANG_WARN_OBJC_LITERAL_CONVERSION = YES;
				CLANG_WARN_OBJC_ROOT_CLASS = YES_ERROR;
				CLANG_WARN_RANGE_LOOP_ANALYSIS = YES;
				CLANG_WARN_STRICT_PROTOTYPES = YES;
				CLANG_WARN_SUSPICIOUS_MOVE = YES;
				CLANG_WARN_UNGUARDED_AVAILABILITY = YES_AGGRESSIVE;
				CLANG_WARN_UNREACHABLE_CODE = YES;
				CLANG_WARN__DUPLICATE_METHOD_MATCH = YES;
				CODE_SIGN_IDENTITY = "iPhone Developer";
				COPY_PHASE_STRIP = NO;
				DEBUG_INFORMATION_FORMAT = "dwarf-with-dsym";
				ENABLE_NS_ASSERTIONS = NO;
				ENABLE_STRICT_OBJC_MSGSEND = YES;
				GCC_C_LANGUAGE_STANDARD = gnu11;
				GCC_NO_COMMON_BLOCKS = YES;
				GCC_WARN_64_TO_32_BIT_CONVERSION = YES;
				GCC_WARN_ABOUT_RETURN_TYPE = YES_ERROR;
				GCC_WARN_UNDECLARED_SELECTOR = YES;
				GCC_WARN_UNINITIALIZED_AUTOS = YES_AGGRESSIVE;
				GCC_WARN_UNUSED_FUNCTION = YES;
				GCC_WARN_UNUSED_VARIABLE = YES;
				IPHONEOS_DEPLOYMENT_TARGET = 11.2;
				MTL_ENABLE_DEBUG_INFO = NO;
				SDKROOT = iphoneos;
				SWIFT_OPTIMIZATION_LEVEL = "-Owholemodule";
				VALIDATE_PRODUCT = YES;
			};
			name = Release;
		};
		F17AAA54202657020062A679 /* Debug */ = {
			isa = XCBuildConfiguration;
			baseConfigurationReference = 2F2C1BBA6B6531122EB2B62B /* Pods-Lattis Demo.debug.xcconfig */;
			buildSettings = {
				ASSETCATALOG_COMPILER_APPICON_NAME = AppIcon;
				CODE_SIGN_STYLE = Automatic;
				DEVELOPMENT_TEAM = 4WD59CZ9Z6;
				FRAMEWORK_SEARCH_PATHS = (
					"$(inherited)",
					"\"$PODS_CONFIGURATION_BUILD_DIR/KeychainSwift\"",
				);
				INFOPLIST_FILE = "Lattis Demo/Info.plist";
				IPHONEOS_DEPLOYMENT_TARGET = 10.0;
				LD_RUNPATH_SEARCH_PATHS = "$(inherited) @executable_path/Frameworks";
				PRODUCT_BUNDLE_IDENTIFIER = "io.lattis.Lattis-Demo";
				PRODUCT_NAME = "$(TARGET_NAME)";
				SWIFT_VERSION = 5.0;
				TARGETED_DEVICE_FAMILY = "1,2";
			};
			name = Debug;
		};
		F17AAA55202657020062A679 /* Release */ = {
			isa = XCBuildConfiguration;
			baseConfigurationReference = 622D988A144CCCBF66E9BEA5 /* Pods-Lattis Demo.release.xcconfig */;
			buildSettings = {
				ASSETCATALOG_COMPILER_APPICON_NAME = AppIcon;
				CODE_SIGN_STYLE = Automatic;
				DEVELOPMENT_TEAM = 4WD59CZ9Z6;
				FRAMEWORK_SEARCH_PATHS = (
					"$(inherited)",
					"\"$PODS_CONFIGURATION_BUILD_DIR/KeychainSwift\"",
				);
				INFOPLIST_FILE = "Lattis Demo/Info.plist";
				IPHONEOS_DEPLOYMENT_TARGET = 10.0;
				LD_RUNPATH_SEARCH_PATHS = "$(inherited) @executable_path/Frameworks";
				PRODUCT_BUNDLE_IDENTIFIER = "io.lattis.Lattis-Demo";
				PRODUCT_NAME = "$(TARGET_NAME)";
				SWIFT_VERSION = 5.0;
				TARGETED_DEVICE_FAMILY = "1,2";
			};
			name = Release;
		};
/* End XCBuildConfiguration section */

/* Begin XCConfigurationList section */
		F17AAA3C202657010062A679 /* Build configuration list for PBXProject "Lattis Demo" */ = {
			isa = XCConfigurationList;
			buildConfigurations = (
				F17AAA51202657020062A679 /* Debug */,
				F17AAA52202657020062A679 /* Release */,
			);
			defaultConfigurationIsVisible = 0;
			defaultConfigurationName = Release;
		};
		F17AAA53202657020062A679 /* Build configuration list for PBXNativeTarget "Lattis Demo" */ = {
			isa = XCConfigurationList;
			buildConfigurations = (
				F17AAA54202657020062A679 /* Debug */,
				F17AAA55202657020062A679 /* Release */,
			);
			defaultConfigurationIsVisible = 0;
			defaultConfigurationName = Release;
		};
/* End XCConfigurationList section */
	};
	rootObject = F17AAA39202657010062A679 /* Project object */;
}
